
Microsoft Visual Studio Solution File, Format Version 12.00
# Visual Studio Version 17
VisualStudioVersion = 17.11.35219.272
MinimumVisualStudioVersion = 10.0.40219.1
Project("{888888A0-9F3D-457C-B088-3A5042F75D52}") = "Practica009", "Practica009.pyproj", "{70E0BEB1-8AAF-4745-9647-CB8349BADA9B}"
EndProject
Global
	GlobalSection(SolutionConfigurationPlatforms) = preSolution
		Debug|Any CPU = Debug|Any CPU
		Release|Any CPU = Release|Any CPU
	EndGlobalSection
	GlobalSection(ProjectConfigurationPlatforms) = postSolution
		{70E0BEB1-8AAF-4745-9647-CB8349BADA9B}.Debug|Any CPU.ActiveCfg = Debug|Any CPU
		{70E0BEB1-8AAF-4745-9647-CB8349BADA9B}.Release|Any CPU.ActiveCfg = Release|Any CPU
	EndGlobalSection
	GlobalSection(SolutionProperties) = preSolution
		HideSolutionNode = FALSE
	EndGlobalSection
	GlobalSection(ExtensibilityGlobals) = postSolution
		SolutionGuid = {0357788F-C660-49A8-BC1E-37F4D1BBD7BC}
	EndGlobalSection
EndGlobal
